{
  "R": {
    "Version": "4.1.0",
    "Repositories": [
      {
        "Name": "CRAN",
        "URL": "https://cran.rstudio.com/"
      }
    ]
  },
  "Packages": {
    "DBI": {
      "Source": "Repository",
      "Package": "DBI",
      "Version": "1.1.1",
      "Repository": "CRAN"
    },
    "R6": {
      "Source": "Repository",
      "Package": "R6",
      "Version": "2.5.0",
      "Repository": "CRAN"
    },
    "RColorBrewer": {
      "Source": "Repository",
      "Package": "RColorBrewer",
      "Version": "1.1-2",
      "Repository": "CRAN"
    },
    "Rcpp": {
      "Source": "Repository",
      "Package": "Rcpp",
      "Version": "1.0.7",
      "Repository": "CRAN"
    },
    "askpass": {
      "Source": "Repository",
      "Package": "askpass",
      "Version": "1.1",
      "Repository": "CRAN"
    },
    "assertthat": {
      "Source": "Repository",
      "Package": "assertthat",
      "Version": "0.2.1",
      "Repository": "CRAN"
    },
    "backports": {
      "Source": "Repository",
      "Package": "backports",
      "Version": "1.2.1",
      "Repository": "CRAN"
    },
    "base64enc": {
      "Source": "Repository",
      "Package": "base64enc",
      "Version": "0.1-3",
      "Repository": "CRAN"
    },
    "bit": {
      "Source": "Repository",
      "Package": "bit",
      "Version": "4.0.4",
      "Repository": "CRAN"
    },
    "bit64": {
      "Source": "Repository",
      "Package": "bit64",
      "Version": "4.0.5",
      "Repository": "CRAN"
    },
    "blob": {
      "Source": "Repository",
      "Package": "blob",
      "Version": "1.2.2",
      "Repository": "CRAN"
    },
    "broom": {
      "Source": "Repository",
      "Package": "broom",
      "Version": "0.7.8",
      "Repository": "CRAN"
    },
    "cachem": {
      "Source": "Repository",
      "Package": "cachem",
      "Version": "1.0.5",
      "Repository": "CRAN"
    },
    "callr": {
      "Source": "Repository",
      "Package": "callr",
      "Version": "3.7.0",
      "Repository": "CRAN"
    },
    "cellranger": {
      "Source": "Repository",
      "Package": "cellranger",
      "Version": "1.1.0",
      "Repository": "CRAN"
    },
    "cli": {
      "Source": "Repository",
      "Package": "cli",
      "Version": "3.0.1",
      "Repository": "CRAN"
    },
    "clipr": {
      "Source": "Repository",
      "Package": "clipr",
      "Version": "0.7.1",
      "Repository": "CRAN"
    },
    "colorspace": {
      "Source": "Repository",
      "Package": "colorspace",
      "Version": "2.0-2",
      "Repository": "CRAN"
    },
    "conflicted": {
      "Source": "Repository",
      "Package": "conflicted",
      "Version": "1.0.4",
      "Repository": "CRAN"
    },
    "cpp11": {
      "Source": "Repository",
      "Package": "cpp11",
      "Version": "0.3.1",
      "Repository": "CRAN"
    },
    "crayon": {
      "Source": "Repository",
      "Package": "crayon",
      "Version": "1.4.1",
      "Repository": "CRAN"
    },
    "credentials": {
      "Source": "Repository",
      "Package": "credentials",
      "Version": "1.3.0",
      "Repository": "CRAN"
    },
    "curl": {
      "Source": "Repository",
      "Package": "curl",
      "Version": "4.3.2",
      "Repository": "CRAN"
    },
    "data.table": {
      "Source": "Repository",
      "Package": "data.table",
      "Version": "1.14.0",
      "Repository": "CRAN"
    },
    "dbplyr": {
      "Source": "Repository",
      "Package": "dbplyr",
      "Version": "2.1.1",
      "Repository": "CRAN"
    },
    "desc": {
      "Source": "Repository",
      "Package": "desc",
      "Version": "1.3.0",
      "Repository": "CRAN"
    },
    "digest": {
      "Source": "Repository",
      "Package": "digest",
      "Version": "0.6.27",
      "Repository": "CRAN"
    },
    "dplyr": {
      "Source": "Repository",
      "Package": "dplyr",
      "Version": "1.0.7",
      "Repository": "CRAN"
    },
    "dtplyr": {
      "Source": "Repository",
      "Package": "dtplyr",
      "Version": "1.1.0",
      "Repository": "CRAN"
    },
    "ellipsis": {
      "Source": "Repository",
      "Package": "ellipsis",
      "Version": "0.3.2",
      "Repository": "CRAN"
    },
    "evaluate": {
      "Source": "Repository",
      "Package": "evaluate",
      "Version": "0.14",
      "Repository": "CRAN"
    },
    "fansi": {
      "Source": "Repository",
      "Package": "fansi",
      "Version": "0.5.0",
      "Repository": "CRAN"
    },
    "farver": {
      "Source": "Repository",
      "Package": "farver",
      "Version": "2.1.0",
      "Repository": "CRAN"
    },
    "fastmap": {
      "Source": "Repository",
      "Package": "fastmap",
      "Version": "1.1.0",
      "Repository": "CRAN"
    },
    "fnmate": {
      "Source": "GitHub",
      "Package": "fnmate",
      "Version": "0.0.5",
      "RemoteType": "github",
      "RemoteHost": "api.github.com",
      "RemoteUsername": "MilesMcBain",
      "RemoteRepo": "fnmate",
      "RemoteRef": "master",
      "RemoteSha": "8fc70bc1af795423dfc2dbd74b26e6bbef4a07e8"
    },
    "forcats": {
      "Source": "Repository",
      "Package": "forcats",
      "Version": "0.5.1",
      "Repository": "CRAN"
    },
    "fs": {
      "Source": "Repository",
      "Package": "fs",
      "Version": "1.5.0",
      "Repository": "CRAN"
    },
    "gargle": {
      "Source": "Repository",
      "Package": "gargle",
      "Version": "1.2.0",
      "Repository": "CRAN"
    },
    "generics": {
      "Source": "Repository",
      "Package": "generics",
      "Version": "0.1.0",
      "Repository": "CRAN"
    },
    "gert": {
      "Source": "Repository",
      "Package": "gert",
      "Version": "1.3.1",
      "Repository": "CRAN"
    },
    "ggplot2": {
      "Source": "Repository",
      "Package": "ggplot2",
      "Version": "3.3.5",
      "Repository": "CRAN"
    },
    "gh": {
      "Source": "Repository",
      "Package": "gh",
      "Version": "1.3.0",
      "Repository": "CRAN"
    },
    "gitcreds": {
      "Source": "Repository",
      "Package": "gitcreds",
      "Version": "0.1.1",
      "Repository": "CRAN"
    },
    "glue": {
      "Source": "Repository",
      "Package": "glue",
      "Version": "1.4.2",
      "Repository": "CRAN"
    },
    "googledrive": {
      "Source": "Repository",
      "Package": "googledrive",
      "Version": "2.0.0",
      "Repository": "CRAN"
    },
    "googlesheets4": {
      "Source": "Repository",
      "Package": "googlesheets4",
      "Version": "1.0.0",
      "Repository": "CRAN"
    },
    "gtable": {
      "Source": "Repository",
      "Package": "gtable",
      "Version": "0.3.0",
      "Repository": "CRAN"
    },
    "haven": {
      "Source": "Repository",
      "Package": "haven",
      "Version": "2.4.1",
      "Repository": "CRAN"
    },
    "here": {
      "Source": "Repository",
      "Package": "here",
      "Version": "1.0.1",
      "Repository": "CRAN"
    },
    "highr": {
      "Source": "Repository",
      "Package": "highr",
      "Version": "0.9",
      "Repository": "CRAN"
    },
    "hms": {
      "Source": "Repository",
      "Package": "hms",
      "Version": "1.1.0",
      "Repository": "CRAN"
    },
    "htmltools": {
      "Source": "Repository",
      "Package": "htmltools",
      "Version": "0.5.1.1",
      "Repository": "CRAN"
    },
    "httr": {
      "Source": "Repository",
      "Package": "httr",
      "Version": "1.4.2",
      "Repository": "CRAN"
    },
    "ids": {
      "Source": "Repository",
      "Package": "ids",
      "Version": "1.0.1",
      "Repository": "CRAN"
    },
    "igraph": {
      "Source": "Repository",
      "Package": "igraph",
      "Version": "1.2.6",
      "Repository": "CRAN"
    },
    "ini": {
      "Source": "Repository",
      "Package": "ini",
      "Version": "0.3.1",
      "Repository": "CRAN"
    },
    "isoband": {
      "Source": "Repository",
      "Package": "isoband",
      "Version": "0.2.5",
      "Repository": "CRAN"
    },
    "jsonlite": {
      "Source": "Repository",
      "Package": "jsonlite",
      "Version": "1.7.2",
      "Repository": "CRAN"
    },
    "knitr": {
      "Source": "Repository",
      "Package": "knitr",
      "Version": "1.33",
      "Repository": "CRAN"
    },
    "labeling": {
      "Source": "Repository",
      "Package": "labeling",
      "Version": "0.4.2",
      "Repository": "CRAN"
    },
    "lifecycle": {
      "Source": "Repository",
      "Package": "lifecycle",
      "Version": "1.0.0",
      "Repository": "CRAN"
    },
    "lubridate": {
      "Source": "Repository",
      "Package": "lubridate",
      "Version": "1.7.10",
      "Repository": "CRAN"
    },
    "magrittr": {
      "Source": "Repository",
      "Package": "magrittr",
      "Version": "2.0.1",
      "Repository": "CRAN"
    },
    "markdown": {
      "Source": "Repository",
      "Package": "markdown",
      "Version": "1.1",
      "Repository": "CRAN"
    },
    "memoise": {
      "Source": "Repository",
      "Package": "memoise",
      "Version": "2.0.0",
      "Repository": "CRAN"
    },
    "mime": {
      "Source": "Repository",
      "Package": "mime",
      "Version": "0.11",
      "Repository": "CRAN"
    },
    "modelr": {
      "Source": "Repository",
      "Package": "modelr",
      "Version": "0.1.8",
      "Repository": "CRAN"
    },
    "munsell": {
      "Source": "Repository",
      "Package": "munsell",
      "Version": "0.5.0",
      "Repository": "CRAN"
    },
    "openssl": {
      "Source": "Repository",
      "Package": "openssl",
      "Version": "1.4.4",
      "Repository": "CRAN"
    },
    "pillar": {
      "Source": "Repository",
      "Package": "pillar",
      "Version": "1.6.1",
      "Repository": "CRAN"
    },
    "pkgconfig": {
      "Source": "Repository",
      "Package": "pkgconfig",
      "Version": "2.0.3",
      "Repository": "CRAN"
    },
    "prettyunits": {
      "Source": "Repository",
      "Package": "prettyunits",
      "Version": "1.1.1",
      "Repository": "CRAN"
    },
    "processx": {
      "Source": "Repository",
      "Package": "processx",
      "Version": "3.5.2",
      "Repository": "CRAN"
    },
    "progress": {
      "Source": "Repository",
      "Package": "progress",
      "Version": "1.2.2",
      "Repository": "CRAN"
    },
    "ps": {
      "Source": "Repository",
      "Package": "ps",
      "Version": "1.6.0",
      "Repository": "CRAN"
    },
    "purrr": {
      "Source": "Repository",
      "Package": "purrr",
      "Version": "0.3.4",
      "Repository": "CRAN"
    },
    "rappdirs": {
      "Source": "Repository",
      "Package": "rappdirs",
      "Version": "0.3.3",
      "Repository": "CRAN"
    },
    "readr": {
      "Source": "Repository",
      "Package": "readr",
      "Version": "2.0.0",
      "Repository": "CRAN"
    },
    "readxl": {
      "Source": "Repository",
      "Package": "readxl",
      "Version": "1.3.1",
      "Repository": "CRAN"
    },
    "rematch": {
      "Source": "Repository",
      "Package": "rematch",
      "Version": "1.0.1",
      "Repository": "CRAN"
    },
    "rematch2": {
      "Source": "Repository",
      "Package": "rematch2",
      "Version": "2.1.2",
      "Repository": "CRAN"
    },
    "renv": {
      "Source": "Repository",
      "Package": "renv",
      "Version": "0.14.0",
      "Repository": "CRAN"
    },
    "reprex": {
      "Source": "Repository",
      "Package": "reprex",
      "Version": "2.0.0",
      "Repository": "CRAN"
    },
    "rlang": {
      "Source": "Repository",
      "Package": "rlang",
      "Version": "0.4.11",
      "Repository": "CRAN"
    },
    "rmarkdown": {
      "Source": "GitHub",
      "Package": "rmarkdown",
      "Version": "2.9.5",
      "RemoteType": "github",
      "RemoteUsername": "rstudio",
      "RemoteRepo": "rmarkdown",
      "RemoteRef": "master",
      "RemoteSha": "0af6b3556adf6e393b2da23c66c695724ea7bd2d",
      "RemoteHost": "api.github.com"
    },
    "rprojroot": {
      "Source": "Repository",
      "Package": "rprojroot",
      "Version": "2.0.2",
      "Repository": "CRAN"
    },
    "rstudioapi": {
      "Source": "Repository",
      "Package": "rstudioapi",
      "Version": "0.13",
      "Repository": "CRAN"
    },
    "rvest": {
      "Source": "Repository",
      "Package": "rvest",
      "Version": "1.0.0",
      "Repository": "CRAN"
    },
    "scales": {
      "Source": "Repository",
      "Package": "scales",
      "Version": "1.1.1",
      "Repository": "CRAN"
    },
    "selectr": {
      "Source": "Repository",
      "Package": "selectr",
      "Version": "0.4-2",
      "Repository": "CRAN"
    },
    "sourcetools": {
      "Source": "Repository",
      "Package": "sourcetools",
      "Version": "0.1.7",
      "Repository": "CRAN"
    },
    "stringi": {
      "Source": "Repository",
      "Package": "stringi",
      "Version": "1.7.3",
      "Repository": "CRAN"
    },
    "stringr": {
      "Source": "Repository",
      "Package": "stringr",
      "Version": "1.4.0",
      "Repository": "CRAN"
    },
    "sys": {
      "Source": "Repository",
      "Package": "sys",
      "Version": "3.4",
      "Repository": "CRAN"
    },
    "tarchetypes": {
      "Source": "Repository",
      "Package": "tarchetypes",
      "Version": "0.2.1",
      "Repository": "CRAN"
    },
    "targets": {
      "Source": "Repository",
      "Package": "targets",
      "Version": "0.6.0",
      "Repository": "CRAN"
    },
    "tflow": {
      "Source": "GitHub",
      "Package": "tflow",
      "Version": "0.1.1",
      "RemoteType": "github",
      "RemoteHost": "api.github.com",
      "RemoteUsername": "MilesMcBain",
      "RemoteRepo": "tflow",
      "RemoteRef": "master",
      "RemoteSha": "6531ad34aa576e044a1492af200124284645cf0a",
      "Remotes": "milesmcbain/fnmate, milesmcbain/capsule"
    },
    "tibble": {
      "Source": "Repository",
      "Package": "tibble",
      "Version": "3.1.3",
      "Repository": "CRAN"
    },
    "tidyr": {
      "Source": "Repository",
      "Package": "tidyr",
      "Version": "1.1.3",
      "Repository": "CRAN"
    },
    "tidyselect": {
      "Source": "Repository",
      "Package": "tidyselect",
      "Version": "1.1.1",
      "Repository": "CRAN"
    },
    "tidyverse": {
      "Source": "Repository",
      "Package": "tidyverse",
      "Version": "1.3.1",
      "Repository": "CRAN"
    },
    "tinytex": {
      "Source": "Repository",
      "Package": "tinytex",
      "Version": "0.32",
      "Repository": "CRAN"
    },
    "tzdb": {
      "Source": "Repository",
      "Package": "tzdb",
      "Version": "0.1.2",
      "Repository": "CRAN"
    },
    "usethis": {
      "Source": "Repository",
      "Package": "usethis",
      "Version": "2.0.1",
      "Repository": "CRAN"
    },
    "utf8": {
      "Source": "Repository",
      "Package": "utf8",
      "Version": "1.2.1",
      "Repository": "CRAN"
    },
    "uuid": {
      "Source": "Repository",
      "Package": "uuid",
      "Version": "0.1-4",
      "Repository": "CRAN"
    },
    "vctrs": {
      "Source": "Repository",
      "Package": "vctrs",
      "Version": "0.3.8",
      "Repository": "CRAN"
    },
    "viridisLite": {
      "Source": "Repository",
      "Package": "viridisLite",
      "Version": "0.4.0",
      "Repository": "CRAN"
    },
    "vroom": {
      "Source": "Repository",
      "Package": "vroom",
      "Version": "1.5.3",
      "Repository": "CRAN"
    },
    "whisker": {
      "Source": "Repository",
      "Package": "whisker",
      "Version": "0.4",
      "Repository": "CRAN"
    },
    "withr": {
      "Source": "Repository",
      "Package": "withr",
      "Version": "2.4.2",
      "Repository": "CRAN"
    },
    "xfun": {
      "Source": "Repository",
      "Package": "xfun",
      "Version": "0.24",
      "Repository": "CRAN"
    },
    "xml2": {
      "Source": "Repository",
      "Package": "xml2",
      "Version": "1.3.2",
      "Repository": "CRAN"
    },
    "yaml": {
      "Source": "Repository",
      "Package": "yaml",
      "Version": "2.2.1",
      "Repository": "CRAN"
    },
    "zip": {
      "Source": "Repository",
      "Package": "zip",
      "Version": "2.2.0",
      "Repository": "CRAN"
    }
  }
}
